github.com/gorilla/mux v1.8.0 h1:i40aqfkR1h2SlN9hojwV5ZA91wcXFOvkdNIeFDP5koI=
github.com/gorilla/mux v1.8.0/go.mod h1:DVbg23sWSpFRCP0SfiEN6jmj59UnW/n46BH5rLB71So=
github.com/jxskiss/base62 v0.0.0-20191017122030-4f11678b909b h1:XUr8tvMEILhphQPp3TFcIudb5KTOzFeD0pJyDn5+5QI=
github.com/jxskiss/base62 v0.0.0-20191017122030-4f11678b909b/go.mod h1:a5Mn24iYVJRUQSkFupGByqykzD+k+wFI8J91zGHuPf8=
